// !$*UTF8*$!
{
	archiveVersion = 1;
	classes = {
	};
	objectVersion = 46;
	objects = {

/* Begin PBXBuildFile section */
		651192B81969D79D0073EE06 /* Cocoa.framework in Frameworks */ = {isa = PBXBuildFile; fileRef = 651192B71969D79D0073EE06 /* Cocoa.framework */; };
		651192C21969D79D0073EE06 /* InfoPlist.strings in Resources */ = {isa = PBXBuildFile; fileRef = 651192C01969D79D0073EE06 /* InfoPlist.strings */; };
		651192C41969D79D0073EE06 /* main.m in Sources */ = {isa = PBXBuildFile; fileRef = 651192C31969D79D0073EE06 /* main.m */; };
		651192C81969D79D0073EE06 /* Credits.rtf in Resources */ = {isa = PBXBuildFile; fileRef = 651192C61969D79D0073EE06 /* Credits.rtf */; };
		651192CB1969D79D0073EE06 /* AppDelegate.m in Sources */ = {isa = PBXBuildFile; fileRef = 651192CA1969D79D0073EE06 /* AppDelegate.m */; };
		651192CE1969D79D0073EE06 /* MainMenu.xib in Resources */ = {isa = PBXBuildFile; fileRef = 651192CC1969D79D0073EE06 /* MainMenu.xib */; };
		651192D01969D79D0073EE06 /* Images.xcassets in Resources */ = {isa = PBXBuildFile; fileRef = 651192CF1969D79D0073EE06 /* Images.xcassets */; };
		651192D71969D79D0073EE06 /* XCTest.framework in Frameworks */ = {isa = PBXBuildFile; fileRef = 651192D61969D79D0073EE06 /* XCTest.framework */; };
		651192D81969D79D0073EE06 /* Cocoa.framework in Frameworks */ = {isa = PBXBuildFile; fileRef = 651192B71969D79D0073EE06 /* Cocoa.framework */; };
		651192E01969D79D0073EE06 /* InfoPlist.strings in Resources */ = {isa = PBXBuildFile; fileRef = 651192DE1969D79D0073EE06 /* InfoPlist.strings */; };
		651192E21969D79D0073EE06 /* NetworkTweaksTests.m in Sources */ = {isa = PBXBuildFile; fileRef = 651192E11969D79D0073EE06 /* NetworkTweaksTests.m */; };
		651192ED1969DA630073EE06 /* FBTweakClient.m in Sources */ = {isa = PBXBuildFile; fileRef = 651192EC1969DA630073EE06 /* FBTweakClient.m */; };
		6511934C196AD1AF0073EE06 /* FBTweakDataTableViewCell.xib in Resources */ = {isa = PBXBuildFile; fileRef = 6511934B196AD1AF0073EE06 /* FBTweakDataTableViewCell.xib */; };
		6511934F196AD2E50073EE06 /* FBTweakDataTableViewCell.m in Sources */ = {isa = PBXBuildFile; fileRef = 6511934E196AD2E50073EE06 /* FBTweakDataTableViewCell.m */; };
		65119352196AD4480073EE06 /* FBTweakData.m in Sources */ = {isa = PBXBuildFile; fileRef = 65119351196AD4480073EE06 /* FBTweakData.m */; };
		65C1B16A196B5976001023A7 /* FBTweakCategoryTableViewCell.m in Sources */ = {isa = PBXBuildFile; fileRef = 65C1B169196B5976001023A7 /* FBTweakCategoryTableViewCell.m */; };
		65C1B16C196B59A1001023A7 /* FBTweakCategoryTableViewCell.xib in Resources */ = {isa = PBXBuildFile; fileRef = 65C1B16B196B59A1001023A7 /* FBTweakCategoryTableViewCell.xib */; };
		79F1612E196C8B92002F8AC0 /* FBTweakCollectionTableViewCell.m in Sources */ = {isa = PBXBuildFile; fileRef = 79F1612C196C8B92002F8AC0 /* FBTweakCollectionTableViewCell.m */; };
		79F1612F196C8B92002F8AC0 /* FBTweakCollectionTableViewCell.xib in Resources */ = {isa = PBXBuildFile; fileRef = 79F1612D196C8B92002F8AC0 /* FBTweakCollectionTableViewCell.xib */; };
/* End PBXBuildFile section */

/* Begin PBXContainerItemProxy section */
		651192D91969D79D0073EE06 /* PBXContainerItemProxy */ = {
			isa = PBXContainerItemProxy;
			containerPortal = 651192AC1969D79D0073EE06 /* Project object */;
			proxyType = 1;
			remoteGlobalIDString = 651192B31969D79D0073EE06;
			remoteInfo = NetworkTweaks;
		};
/* End PBXContainerItemProxy section */

/* Begin PBXFileReference section */
		651192B41969D79D0073EE06 /* Tweaks.app */ = {isa = PBXFileReference; explicitFileType = wrapper.application; includeInIndex = 0; path = Tweaks.app; sourceTree = BUILT_PRODUCTS_DIR; };
		651192B71969D79D0073EE06 /* Cocoa.framework */ = {isa = PBXFileReference; lastKnownFileType = wrapper.framework; name = Cocoa.framework; path = System/Library/Frameworks/Cocoa.framework; sourceTree = SDKROOT; };
		651192BA1969D79D0073EE06 /* AppKit.framework */ = {isa = PBXFileReference; lastKnownFileType = wrapper.framework; name = AppKit.framework; path = System/Library/Frameworks/AppKit.framework; sourceTree = SDKROOT; };
		651192BB1969D79D0073EE06 /* CoreData.framework */ = {isa = PBXFileReference; lastKnownFileType = wrapper.framework; name = CoreData.framework; path = System/Library/Frameworks/CoreData.framework; sourceTree = SDKROOT; };
		651192BF1969D79D0073EE06 /* NetworkTweaks-Info.plist */ = {isa = PBXFileReference; lastKnownFileType = text.plist.xml; path = "NetworkTweaks-Info.plist"; sourceTree = "<group>"; };
		651192C11969D79D0073EE06 /* en */ = {isa = PBXFileReference; lastKnownFileType = text.plist.strings; name = en; path = en.lproj/InfoPlist.strings; sourceTree = "<group>"; };
		651192C31969D79D0073EE06 /* main.m */ = {isa = PBXFileReference; lastKnownFileType = sourcecode.c.objc; path = main.m; sourceTree = "<group>"; };
		651192C51969D79D0073EE06 /* NetworkTweaks-Prefix.pch */ = {isa = PBXFileReference; lastKnownFileType = sourcecode.c.h; path = "NetworkTweaks-Prefix.pch"; sourceTree = "<group>"; };
		651192C71969D79D0073EE06 /* en */ = {isa = PBXFileReference; lastKnownFileType = text.rtf; name = en; path = en.lproj/Credits.rtf; sourceTree = "<group>"; };
		651192C91969D79D0073EE06 /* AppDelegate.h */ = {isa = PBXFileReference; lastKnownFileType = sourcecode.c.h; path = AppDelegate.h; sourceTree = "<group>"; };
		651192CA1969D79D0073EE06 /* AppDelegate.m */ = {isa = PBXFileReference; lastKnownFileType = sourcecode.c.objc; path = AppDelegate.m; sourceTree = "<group>"; };
		651192CD1969D79D0073EE06 /* Base */ = {isa = PBXFileReference; lastKnownFileType = file.xib; name = Base; path = Base.lproj/MainMenu.xib; sourceTree = "<group>"; };
		651192CF1969D79D0073EE06 /* Images.xcassets */ = {isa = PBXFileReference; lastKnownFileType = folder.assetcatalog; path = Images.xcassets; sourceTree = "<group>"; };
		651192D51969D79D0073EE06 /* NetworkTweaksTests.xctest */ = {isa = PBXFileReference; explicitFileType = wrapper.cfbundle; includeInIndex = 0; path = NetworkTweaksTests.xctest; sourceTree = BUILT_PRODUCTS_DIR; };
		651192D61969D79D0073EE06 /* XCTest.framework */ = {isa = PBXFileReference; lastKnownFileType = wrapper.framework; name = XCTest.framework; path = Library/Frameworks/XCTest.framework; sourceTree = DEVELOPER_DIR; };
		651192DD1969D79D0073EE06 /* NetworkTweaksTests-Info.plist */ = {isa = PBXFileReference; lastKnownFileType = text.plist.xml; path = "NetworkTweaksTests-Info.plist"; sourceTree = "<group>"; };
		651192DF1969D79D0073EE06 /* en */ = {isa = PBXFileReference; lastKnownFileType = text.plist.strings; name = en; path = en.lproj/InfoPlist.strings; sourceTree = "<group>"; };
		651192E11969D79D0073EE06 /* NetworkTweaksTests.m */ = {isa = PBXFileReference; lastKnownFileType = sourcecode.c.objc; path = NetworkTweaksTests.m; sourceTree = "<group>"; };
		651192EB1969DA630073EE06 /* FBTweakClient.h */ = {isa = PBXFileReference; fileEncoding = 4; lastKnownFileType = sourcecode.c.h; path = FBTweakClient.h; sourceTree = "<group>"; };
		651192EC1969DA630073EE06 /* FBTweakClient.m */ = {isa = PBXFileReference; fileEncoding = 4; lastKnownFileType = sourcecode.c.objc; path = FBTweakClient.m; sourceTree = "<group>"; };
		651192F61969DD7E0073EE06 /* Foundation.framework */ = {isa = PBXFileReference; lastKnownFileType = wrapper.framework; name = Foundation.framework; path = System/Library/Frameworks/Foundation.framework; sourceTree = SDKROOT; };
		651192F81969DD7E0073EE06 /* CoreGraphics.framework */ = {isa = PBXFileReference; lastKnownFileType = wrapper.framework; name = CoreGraphics.framework; path = System/Library/Frameworks/CoreGraphics.framework; sourceTree = SDKROOT; };
		6511934B196AD1AF0073EE06 /* FBTweakDataTableViewCell.xib */ = {isa = PBXFileReference; fileEncoding = 4; lastKnownFileType = file.xib; path = FBTweakDataTableViewCell.xib; sourceTree = "<group>"; };
		6511934D196AD2E50073EE06 /* FBTweakDataTableViewCell.h */ = {isa = PBXFileReference; fileEncoding = 4; lastKnownFileType = sourcecode.c.h; path = FBTweakDataTableViewCell.h; sourceTree = "<group>"; };
		6511934E196AD2E50073EE06 /* FBTweakDataTableViewCell.m */ = {isa = PBXFileReference; fileEncoding = 4; lastKnownFileType = sourcecode.c.objc; path = FBTweakDataTableViewCell.m; sourceTree = "<group>"; };
		65119350196AD4480073EE06 /* FBTweakData.h */ = {isa = PBXFileReference; fileEncoding = 4; lastKnownFileType = sourcecode.c.h; path = FBTweakData.h; sourceTree = "<group>"; };
		65119351196AD4480073EE06 /* FBTweakData.m */ = {isa = PBXFileReference; fileEncoding = 4; lastKnownFileType = sourcecode.c.objc; path = FBTweakData.m; sourceTree = "<group>"; };
		65C1B168196B5976001023A7 /* FBTweakCategoryTableViewCell.h */ = {isa = PBXFileReference; fileEncoding = 4; lastKnownFileType = sourcecode.c.h; path = FBTweakCategoryTableViewCell.h; sourceTree = "<group>"; };
		65C1B169196B5976001023A7 /* FBTweakCategoryTableViewCell.m */ = {isa = PBXFileReference; fileEncoding = 4; lastKnownFileType = sourcecode.c.objc; path = FBTweakCategoryTableViewCell.m; sourceTree = "<group>"; };
		65C1B16B196B59A1001023A7 /* FBTweakCategoryTableViewCell.xib */ = {isa = PBXFileReference; fileEncoding = 4; lastKnownFileType = file.xib; path = FBTweakCategoryTableViewCell.xib; sourceTree = "<group>"; };
		79F1612B196C8B92002F8AC0 /* FBTweakCollectionTableViewCell.h */ = {isa = PBXFileReference; fileEncoding = 4; lastKnownFileType = sourcecode.c.h; path = FBTweakCollectionTableViewCell.h; sourceTree = "<group>"; };
		79F1612C196C8B92002F8AC0 /* FBTweakCollectionTableViewCell.m */ = {isa = PBXFileReference; fileEncoding = 4; lastKnownFileType = sourcecode.c.objc; path = FBTweakCollectionTableViewCell.m; sourceTree = "<group>"; };
		79F1612D196C8B92002F8AC0 /* FBTweakCollectionTableViewCell.xib */ = {isa = PBXFileReference; fileEncoding = 4; lastKnownFileType = file.xib; path = FBTweakCollectionTableViewCell.xib; sourceTree = "<group>"; };
/* End PBXFileReference section */

/* Begin PBXFrameworksBuildPhase section */
		651192B11969D79D0073EE06 /* Frameworks */ = {
			isa = PBXFrameworksBuildPhase;
			buildActionMask = 2147483647;
			files = (
				651192B81969D79D0073EE06 /* Cocoa.framework in Frameworks */,
			);
			runOnlyForDeploymentPostprocessing = 0;
		};
		651192D21969D79D0073EE06 /* Frameworks */ = {
			isa = PBXFrameworksBuildPhase;
			buildActionMask = 2147483647;
			files = (
				651192D81969D79D0073EE06 /* Cocoa.framework in Frameworks */,
				651192D71969D79D0073EE06 /* XCTest.framework in Frameworks */,
			);
			runOnlyForDeploymentPostprocessing = 0;
		};
/* End PBXFrameworksBuildPhase section */

/* Begin PBXGroup section */
		651192AB1969D79D0073EE06 = {
			isa = PBXGroup;
			children = (
				651192BD1969D79D0073EE06 /* NetworkTweaks */,
				651192DB1969D79D0073EE06 /* NetworkTweaksTests */,
				651192B61969D79D0073EE06 /* Frameworks */,
				651192B51969D79D0073EE06 /* Products */,
			);
			sourceTree = "<group>";
		};
		651192B51969D79D0073EE06 /* Products */ = {
			isa = PBXGroup;
			children = (
				651192B41969D79D0073EE06 /* Tweaks.app */,
				651192D51969D79D0073EE06 /* NetworkTweaksTests.xctest */,
			);
			name = Products;
			sourceTree = "<group>";
		};
		651192B61969D79D0073EE06 /* Frameworks */ = {
			isa = PBXGroup;
			children = (
				651192B71969D79D0073EE06 /* Cocoa.framework */,
				651192D61969D79D0073EE06 /* XCTest.framework */,
				651192F61969DD7E0073EE06 /* Foundation.framework */,
				651192F81969DD7E0073EE06 /* CoreGraphics.framework */,
				651192B91969D79D0073EE06 /* Other Frameworks */,
			);
			name = Frameworks;
			sourceTree = "<group>";
		};
		651192B91969D79D0073EE06 /* Other Frameworks */ = {
			isa = PBXGroup;
			children = (
				651192BA1969D79D0073EE06 /* AppKit.framework */,
				651192BB1969D79D0073EE06 /* CoreData.framework */,
			);
			name = "Other Frameworks";
			sourceTree = "<group>";
		};
		651192BD1969D79D0073EE06 /* NetworkTweaks */ = {
			isa = PBXGroup;
			children = (
				651192C91969D79D0073EE06 /* AppDelegate.h */,
				651192CA1969D79D0073EE06 /* AppDelegate.m */,
				651192CC1969D79D0073EE06 /* MainMenu.xib */,
				651192EB1969DA630073EE06 /* FBTweakClient.h */,
				651192EC1969DA630073EE06 /* FBTweakClient.m */,
				65119350196AD4480073EE06 /* FBTweakData.h */,
				65119351196AD4480073EE06 /* FBTweakData.m */,
				65C1B168196B5976001023A7 /* FBTweakCategoryTableViewCell.h */,
				65C1B169196B5976001023A7 /* FBTweakCategoryTableViewCell.m */,
				65C1B16B196B59A1001023A7 /* FBTweakCategoryTableViewCell.xib */,
				79F1612B196C8B92002F8AC0 /* FBTweakCollectionTableViewCell.h */,
				79F1612C196C8B92002F8AC0 /* FBTweakCollectionTableViewCell.m */,
				79F1612D196C8B92002F8AC0 /* FBTweakCollectionTableViewCell.xib */,
				6511934D196AD2E50073EE06 /* FBTweakDataTableViewCell.h */,
				6511934E196AD2E50073EE06 /* FBTweakDataTableViewCell.m */,
				6511934B196AD1AF0073EE06 /* FBTweakDataTableViewCell.xib */,
				651192CF1969D79D0073EE06 /* Images.xcassets */,
				651192BE1969D79D0073EE06 /* Supporting Files */,
			);
			path = NetworkTweaks;
			sourceTree = "<group>";
		};
		651192BE1969D79D0073EE06 /* Supporting Files */ = {
			isa = PBXGroup;
			children = (
				651192BF1969D79D0073EE06 /* NetworkTweaks-Info.plist */,
				651192C01969D79D0073EE06 /* InfoPlist.strings */,
				651192C31969D79D0073EE06 /* main.m */,
				651192C51969D79D0073EE06 /* NetworkTweaks-Prefix.pch */,
				651192C61969D79D0073EE06 /* Credits.rtf */,
			);
			name = "Supporting Files";
			sourceTree = "<group>";
		};
		651192DB1969D79D0073EE06 /* NetworkTweaksTests */ = {
			isa = PBXGroup;
			children = (
				651192E11969D79D0073EE06 /* NetworkTweaksTests.m */,
				651192DC1969D79D0073EE06 /* Supporting Files */,
			);
			path = NetworkTweaksTests;
			sourceTree = "<group>";
		};
		651192DC1969D79D0073EE06 /* Supporting Files */ = {
			isa = PBXGroup;
			children = (
				651192DD1969D79D0073EE06 /* NetworkTweaksTests-Info.plist */,
				651192DE1969D79D0073EE06 /* InfoPlist.strings */,
			);
			name = "Supporting Files";
			sourceTree = "<group>";
		};
/* End PBXGroup section */

/* Begin PBXNativeTarget section */
		651192B31969D79D0073EE06 /* NetworkTweaks */ = {
			isa = PBXNativeTarget;
			buildConfigurationList = 651192E51969D79D0073EE06 /* Build configuration list for PBXNativeTarget "NetworkTweaks" */;
			buildPhases = (
				651192B01969D79D0073EE06 /* Sources */,
				651192B11969D79D0073EE06 /* Frameworks */,
				651192B21969D79D0073EE06 /* Resources */,
			);
			buildRules = (
			);
			dependencies = (
			);
			name = NetworkTweaks;
			productName = NetworkTweaks;
			productReference = 651192B41969D79D0073EE06 /* Tweaks.app */;
			productType = "com.apple.product-type.application";
		};
		651192D41969D79D0073EE06 /* NetworkTweaksTests */ = {
			isa = PBXNativeTarget;
			buildConfigurationList = 651192E81969D79D0073EE06 /* Build configuration list for PBXNativeTarget "NetworkTweaksTests" */;
			buildPhases = (
				651192D11969D79D0073EE06 /* Sources */,
				651192D21969D79D0073EE06 /* Frameworks */,
				651192D31969D79D0073EE06 /* Resources */,
			);
			buildRules = (
			);
			dependencies = (
				651192DA1969D79D0073EE06 /* PBXTargetDependency */,
			);
			name = NetworkTweaksTests;
			productName = NetworkTweaksTests;
			productReference = 651192D51969D79D0073EE06 /* NetworkTweaksTests.xctest */;
			productType = "com.apple.product-type.bundle.unit-test";
		};
/* End PBXNativeTarget section */

/* Begin PBXProject section */
		651192AC1969D79D0073EE06 /* Project object */ = {
			isa = PBXProject;
			attributes = {
				LastUpgradeCheck = 0510;
				ORGANIZATIONNAME = "___FULLUSERNAME___";
				TargetAttributes = {
					651192D41969D79D0073EE06 = {
						TestTargetID = 651192B31969D79D0073EE06;
					};
				};
			};
			buildConfigurationList = 651192AF1969D79D0073EE06 /* Build configuration list for PBXProject "NetworkTweaks" */;
			compatibilityVersion = "Xcode 3.2";
			developmentRegion = English;
			hasScannedForEncodings = 0;
			knownRegions = (
				en,
				Base,
			);
			mainGroup = 651192AB1969D79D0073EE06;
			productRefGroup = 651192B51969D79D0073EE06 /* Products */;
			projectDirPath = "";
			projectRoot = "";
			targets = (
				651192B31969D79D0073EE06 /* NetworkTweaks */,
				651192D41969D79D0073EE06 /* NetworkTweaksTests */,
			);
		};
/* End PBXProject section */

/* Begin PBXResourcesBuildPhase section */
		651192B21969D79D0073EE06 /* Resources */ = {
			isa = PBXResourcesBuildPhase;
			buildActionMask = 2147483647;
			files = (
				651192C21969D79D0073EE06 /* InfoPlist.strings in Resources */,
				651192D01969D79D0073EE06 /* Images.xcassets in Resources */,
				65C1B16C196B59A1001023A7 /* FBTweakCategoryTableViewCell.xib in Resources */,
				79F1612F196C8B92002F8AC0 /* FBTweakCollectionTableViewCell.xib in Resources */,
				651192C81969D79D0073EE06 /* Credits.rtf in Resources */,
				651192CE1969D79D0073EE06 /* MainMenu.xib in Resources */,
				6511934C196AD1AF0073EE06 /* FBTweakDataTableViewCell.xib in Resources */,
			);
			runOnlyForDeploymentPostprocessing = 0;
		};
		651192D31969D79D0073EE06 /* Resources */ = {
			isa = PBXResourcesBuildPhase;
			buildActionMask = 2147483647;
			files = (
				651192E01969D79D0073EE06 /* InfoPlist.strings in Resources */,
			);
			runOnlyForDeploymentPostprocessing = 0;
		};
/* End PBXResourcesBuildPhase section */

/* Begin PBXSourcesBuildPhase section */
		651192B01969D79D0073EE06 /* Sources */ = {
			isa = PBXSourcesBuildPhase;
			buildActionMask = 2147483647;
			files = (
				6511934F196AD2E50073EE06 /* FBTweakDataTableViewCell.m in Sources */,
				651192CB1969D79D0073EE06 /* AppDelegate.m in Sources */,
				65C1B16A196B5976001023A7 /* FBTweakCategoryTableViewCell.m in Sources */,
				65119352196AD4480073EE06 /* FBTweakData.m in Sources */,
				651192ED1969DA630073EE06 /* FBTweakClient.m in Sources */,
				79F1612E196C8B92002F8AC0 /* FBTweakCollectionTableViewCell.m in Sources */,
				651192C41969D79D0073EE06 /* main.m in Sources */,
			);
			runOnlyForDeploymentPostprocessing = 0;
		};
		651192D11969D79D0073EE06 /* Sources */ = {
			isa = PBXSourcesBuildPhase;
			buildActionMask = 2147483647;
			files = (
				651192E21969D79D0073EE06 /* NetworkTweaksTests.m in Sources */,
			);
			runOnlyForDeploymentPostprocessing = 0;
		};
/* End PBXSourcesBuildPhase section */

/* Begin PBXTargetDependency section */
		651192DA1969D79D0073EE06 /* PBXTargetDependency */ = {
			isa = PBXTargetDependency;
			target = 651192B31969D79D0073EE06 /* NetworkTweaks */;
			targetProxy = 651192D91969D79D0073EE06 /* PBXContainerItemProxy */;
		};
/* End PBXTargetDependency section */

/* Begin PBXVariantGroup section */
		651192C01969D79D0073EE06 /* InfoPlist.strings */ = {
			isa = PBXVariantGroup;
			children = (
				651192C11969D79D0073EE06 /* en */,
			);
			name = InfoPlist.strings;
			sourceTree = "<group>";
		};
		651192C61969D79D0073EE06 /* Credits.rtf */ = {
			isa = PBXVariantGroup;
			children = (
				651192C71969D79D0073EE06 /* en */,
			);
			name = Credits.rtf;
			sourceTree = "<group>";
		};
		651192CC1969D79D0073EE06 /* MainMenu.xib */ = {
			isa = PBXVariantGroup;
			children = (
				651192CD1969D79D0073EE06 /* Base */,
			);
			name = MainMenu.xib;
			sourceTree = "<group>";
		};
		651192DE1969D79D0073EE06 /* InfoPlist.strings */ = {
			isa = PBXVariantGroup;
			children = (
				651192DF1969D79D0073EE06 /* en */,
			);
			name = InfoPlist.strings;
			sourceTree = "<group>";
		};
/* End PBXVariantGroup section */

/* Begin XCBuildConfiguration section */
		651192E31969D79D0073EE06 /* Debug */ = {
			isa = XCBuildConfiguration;
			buildSettings = {
				ALWAYS_SEARCH_USER_PATHS = NO;
				CLANG_CXX_LANGUAGE_STANDARD = "gnu++0x";
				CLANG_CXX_LIBRARY = "libc++";
				CLANG_ENABLE_MODULES = YES;
				CLANG_ENABLE_OBJC_ARC = YES;
				CLANG_WARN_BOOL_CONVERSION = YES;
				CLANG_WARN_CONSTANT_CONVERSION = YES;
				CLANG_WARN_DIRECT_OBJC_ISA_USAGE = YES_ERROR;
				CLANG_WARN_EMPTY_BODY = YES;
				CLANG_WARN_ENUM_CONVERSION = YES;
				CLANG_WARN_INT_CONVERSION = YES;
				CLANG_WARN_OBJC_ROOT_CLASS = YES_ERROR;
				CLANG_WARN__DUPLICATE_METHOD_MATCH = YES;
				COPY_PHASE_STRIP = NO;
				GCC_C_LANGUAGE_STANDARD = gnu99;
				GCC_DYNAMIC_NO_PIC = NO;
				GCC_ENABLE_OBJC_EXCEPTIONS = YES;
				GCC_OPTIMIZATION_LEVEL = 0;
				GCC_PREPROCESSOR_DEFINITIONS = (
					"DEBUG=1",
					"$(inherited)",
				);
				GCC_SYMBOLS_PRIVATE_EXTERN = NO;
				GCC_WARN_64_TO_32_BIT_CONVERSION = YES;
				GCC_WARN_ABOUT_RETURN_TYPE = YES_ERROR;
				GCC_WARN_UNDECLARED_SELECTOR = YES;
				GCC_WARN_UNINITIALIZED_AUTOS = YES_AGGRESSIVE;
				GCC_WARN_UNUSED_FUNCTION = YES;
				GCC_WARN_UNUSED_VARIABLE = YES;
				MACOSX_DEPLOYMENT_TARGET = 10.9;
				ONLY_ACTIVE_ARCH = YES;
				SDKROOT = macosx;
			};
			name = Debug;
		};
		651192E41969D79D0073EE06 /* Release */ = {
			isa = XCBuildConfiguration;
			buildSettings = {
				ALWAYS_SEARCH_USER_PATHS = NO;
				CLANG_CXX_LANGUAGE_STANDARD = "gnu++0x";
				CLANG_CXX_LIBRARY = "libc++";
				CLANG_ENABLE_MODULES = YES;
				CLANG_ENABLE_OBJC_ARC = YES;
				CLANG_WARN_BOOL_CONVERSION = YES;
				CLANG_WARN_CONSTANT_CONVERSION = YES;
				CLANG_WARN_DIRECT_OBJC_ISA_USAGE = YES_ERROR;
				CLANG_WARN_EMPTY_BODY = YES;
				CLANG_WARN_ENUM_CONVERSION = YES;
				CLANG_WARN_INT_CONVERSION = YES;
				CLANG_WARN_OBJC_ROOT_CLASS = YES_ERROR;
				CLANG_WARN__DUPLICATE_METHOD_MATCH = YES;
				COPY_PHASE_STRIP = YES;
				DEBUG_INFORMATION_FORMAT = "dwarf-with-dsym";
				ENABLE_NS_ASSERTIONS = NO;
				GCC_C_LANGUAGE_STANDARD = gnu99;
				GCC_ENABLE_OBJC_EXCEPTIONS = YES;
				GCC_WARN_64_TO_32_BIT_CONVERSION = YES;
				GCC_WARN_ABOUT_RETURN_TYPE = YES_ERROR;
				GCC_WARN_UNDECLARED_SELECTOR = YES;
				GCC_WARN_UNINITIALIZED_AUTOS = YES_AGGRESSIVE;
				GCC_WARN_UNUSED_FUNCTION = YES;
				GCC_WARN_UNUSED_VARIABLE = YES;
				MACOSX_DEPLOYMENT_TARGET = 10.9;
				SDKROOT = macosx;
			};
			name = Release;
		};
		651192E61969D79D0073EE06 /* Debug */ = {
			isa = XCBuildConfiguration;
			buildSettings = {
				ASSETCATALOG_COMPILER_APPICON_NAME = AppIcon;
				COMBINE_HIDPI_IMAGES = YES;
				GCC_PRECOMPILE_PREFIX_HEADER = YES;
				GCC_PREFIX_HEADER = "NetworkTweaks/NetworkTweaks-Prefix.pch";
				INFOPLIST_FILE = "NetworkTweaks/NetworkTweaks-Info.plist";
				PRODUCT_NAME = Tweaks;
				WRAPPER_EXTENSION = app;
			};
			name = Debug;
		};
		651192E71969D79D0073EE06 /* Release */ = {
			isa = XCBuildConfiguration;
			buildSettings = {
				ASSETCATALOG_COMPILER_APPICON_NAME = AppIcon;
				COMBINE_HIDPI_IMAGES = YES;
				GCC_PRECOMPILE_PREFIX_HEADER = YES;
				GCC_PREFIX_HEADER = "NetworkTweaks/NetworkTweaks-Prefix.pch";
				INFOPLIST_FILE = "NetworkTweaks/NetworkTweaks-Info.plist";
				PRODUCT_NAME = Tweaks;
				WRAPPER_EXTENSION = app;
			};
			name = Release;
		};
		651192E91969D79D0073EE06 /* Debug */ = {
			isa = XCBuildConfiguration;
			buildSettings = {
				BUNDLE_LOADER = "$(BUILT_PRODUCTS_DIR)/NetworkTweaks.app/Contents/MacOS/NetworkTweaks";
				COMBINE_HIDPI_IMAGES = YES;
				FRAMEWORK_SEARCH_PATHS = (
					"$(DEVELOPER_FRAMEWORKS_DIR)",
					"$(inherited)",
				);
				GCC_PRECOMPILE_PREFIX_HEADER = YES;
				GCC_PREFIX_HEADER = "NetworkTweaks/NetworkTweaks-Prefix.pch";
				GCC_PREPROCESSOR_DEFINITIONS = (
					"DEBUG=1",
					"$(inherited)",
				);
				INFOPLIST_FILE = "NetworkTweaksTests/NetworkTweaksTests-Info.plist";
				PRODUCT_NAME = "$(TARGET_NAME)";
				TEST_HOST = "$(BUNDLE_LOADER)";
				WRAPPER_EXTENSION = xctest;
			};
			name = Debug;
		};
		651192EA1969D79D0073EE06 /* Release */ = {
			isa = XCBuildConfiguration;
			buildSettings = {
				BUNDLE_LOADER = "$(BUILT_PRODUCTS_DIR)/NetworkTweaks.app/Contents/MacOS/NetworkTweaks";
				COMBINE_HIDPI_IMAGES = YES;
				FRAMEWORK_SEARCH_PATHS = (
					"$(DEVELOPER_FRAMEWORKS_DIR)",
					"$(inherited)",
				);
				GCC_PRECOMPILE_PREFIX_HEADER = YES;
				GCC_PREFIX_HEADER = "NetworkTweaks/NetworkTweaks-Prefix.pch";
				INFOPLIST_FILE = "NetworkTweaksTests/NetworkTweaksTests-Info.plist";
				PRODUCT_NAME = "$(TARGET_NAME)";
				TEST_HOST = "$(BUNDLE_LOADER)";
				WRAPPER_EXTENSION = xctest;
			};
			name = Release;
		};
/* End XCBuildConfiguration section */

/* Begin XCConfigurationList section */
		651192AF1969D79D0073EE06 /* Build configuration list for PBXProject "NetworkTweaks" */ = {
			isa = XCConfigurationList;
			buildConfigurations = (
				651192E31969D79D0073EE06 /* Debug */,
				651192E41969D79D0073EE06 /* Release */,
			);
			defaultConfigurationIsVisible = 0;
			defaultConfigurationName = Release;
		};
		651192E51969D79D0073EE06 /* Build configuration list for PBXNativeTarget "NetworkTweaks" */ = {
			isa = XCConfigurationList;
			buildConfigurations = (
				651192E61969D79D0073EE06 /* Debug */,
				651192E71969D79D0073EE06 /* Release */,
			);
			defaultConfigurationIsVisible = 0;
			defaultConfigurationName = Release;
		};
		651192E81969D79D0073EE06 /* Build configuration list for PBXNativeTarget "NetworkTweaksTests" */ = {
			isa = XCConfigurationList;
			buildConfigurations = (
				651192E91969D79D0073EE06 /* Debug */,
				651192EA1969D79D0073EE06 /* Release */,
			);
			defaultConfigurationIsVisible = 0;
			defaultConfigurationName = Release;
		};
/* End XCConfigurationList section */
	};
	rootObject = 651192AC1969D79D0073EE06 /* Project object */;
}
